
Microsoft Visual Studio Solution File, Format Version 12.00
# Visual Studio Version 17
VisualStudioVersion = 17.3.32901.215
MinimumVisualStudioVersion = 10.0.40219.1
Project("{FAE04EC0-301F-11D3-BF4B-00C04F79EFBC}") = "YchetStudentov", "YchetStudentov\YchetStudentov.csproj", "{1BD0D883-E6F4-4B97-AE69-A730ECA2E355}"
EndProject
Global
	GlobalSection(SolutionConfigurationPlatforms) = preSolution
		Debug|Any CPU = Debug|Any CPU
		Release|Any CPU = Release|Any CPU
	EndGlobalSection
	GlobalSection(ProjectConfigurationPlatforms) = postSolution
		{1BD0D883-E6F4-4B97-AE69-A730ECA2E355}.Debug|Any CPU.ActiveCfg = Debug|Any CPU
		{1BD0D883-E6F4-4B97-AE69-A730ECA2E355}.Debug|Any CPU.Build.0 = Debug|Any CPU
		{1BD0D883-E6F4-4B97-AE69-A730ECA2E355}.Release|Any CPU.ActiveCfg = Release|Any CPU
		{1BD0D883-E6F4-4B97-AE69-A730ECA2E355}.Release|Any CPU.Build.0 = Release|Any CPU
	EndGlobalSection
	GlobalSection(SolutionProperties) = preSolution
		HideSolutionNode = FALSE
	EndGlobalSection
	GlobalSection(ExtensibilityGlobals) = postSolution
		SolutionGuid = {AC348DDE-F84A-466F-B72F-768124D52BD2}
	EndGlobalSection
EndGlobal
